
Microsoft Visual Studio Solution File, Format Version 12.00
# Visual Studio Version 17
VisualStudioVersion = 17.4.33205.214
MinimumVisualStudioVersion = 10.0.40219.1
Project("{FAE04EC0-301F-11D3-BF4B-00C04F79EFBC}") = "123", "123\123.csproj", "{80F5E995-93D4-4FDC-BECA-C32DC7ACA2BB}"
EndProject
Global
	GlobalSection(SolutionConfigurationPlatforms) = preSolution
		Debug|Any CPU = Debug|Any CPU
		Release|Any CPU = Release|Any CPU
	EndGlobalSection
	GlobalSection(ProjectConfigurationPlatforms) = postSolution
		{80F5E995-93D4-4FDC-BECA-C32DC7ACA2BB}.Debug|Any CPU.ActiveCfg = Debug|Any CPU
		{80F5E995-93D4-4FDC-BECA-C32DC7ACA2BB}.Debug|Any CPU.Build.0 = Debug|Any CPU
		{80F5E995-93D4-4FDC-BECA-C32DC7ACA2BB}.Release|Any CPU.ActiveCfg = Release|Any CPU
		{80F5E995-93D4-4FDC-BECA-C32DC7ACA2BB}.Release|Any CPU.Build.0 = Release|Any CPU
	EndGlobalSection
	GlobalSection(SolutionProperties) = preSolution
		HideSolutionNode = FALSE
	EndGlobalSection
	GlobalSection(ExtensibilityGlobals) = postSolution
		SolutionGuid = {3C30A62B-53F6-4D26-BC9E-C7447CEB78D9}
	EndGlobalSection
EndGlobal
